
Microsoft Visual Studio Solution File, Format Version 12.00
# Visual Studio Version 17
VisualStudioVersion = 17.1.32228.430
MinimumVisualStudioVersion = 10.0.40219.1
Project("{2150E333-8FDC-42A3-9474-1A3956D46DE8}") = "Client", "Client", "{16D7ECBD-8C87-40C2-9B83-9FC3F3822865}"
EndProject
Project("{2150E333-8FDC-42A3-9474-1A3956D46DE8}") = "Server", "Server", "{FFEDCF44-5AC8-425B-818A-367676552F51}"
EndProject
Project("{FAE04EC0-301F-11D3-BF4B-00C04F79EFBC}") = "ServerTcp", "Server\ServerTcp\ServerTcp.csproj", "{86CBDB78-A20D-4D0C-981B-A83FB91B91AA}"
EndProject
Project("{FAE04EC0-301F-11D3-BF4B-00C04F79EFBC}") = "ClientTcp", "Client\ClientTcp\ClientTcp.csproj", "{9C3D9C2B-AAFA-4B89-A606-1C4FF6F703F2}"
EndProject
Global
	GlobalSection(SolutionConfigurationPlatforms) = preSolution
		Debug|Any CPU = Debug|Any CPU
		Release|Any CPU = Release|Any CPU
	EndGlobalSection
	GlobalSection(ProjectConfigurationPlatforms) = postSolution
		{86CBDB78-A20D-4D0C-981B-A83FB91B91AA}.Debug|Any CPU.ActiveCfg = Debug|Any CPU
		{86CBDB78-A20D-4D0C-981B-A83FB91B91AA}.Debug|Any CPU.Build.0 = Debug|Any CPU
		{86CBDB78-A20D-4D0C-981B-A83FB91B91AA}.Release|Any CPU.ActiveCfg = Release|Any CPU
		{86CBDB78-A20D-4D0C-981B-A83FB91B91AA}.Release|Any CPU.Build.0 = Release|Any CPU
		{9C3D9C2B-AAFA-4B89-A606-1C4FF6F703F2}.Debug|Any CPU.ActiveCfg = Debug|Any CPU
		{9C3D9C2B-AAFA-4B89-A606-1C4FF6F703F2}.Debug|Any CPU.Build.0 = Debug|Any CPU
		{9C3D9C2B-AAFA-4B89-A606-1C4FF6F703F2}.Release|Any CPU.ActiveCfg = Release|Any CPU
		{9C3D9C2B-AAFA-4B89-A606-1C4FF6F703F2}.Release|Any CPU.Build.0 = Release|Any CPU
	EndGlobalSection
	GlobalSection(SolutionProperties) = preSolution
		HideSolutionNode = FALSE
	EndGlobalSection
	GlobalSection(NestedProjects) = preSolution
		{86CBDB78-A20D-4D0C-981B-A83FB91B91AA} = {FFEDCF44-5AC8-425B-818A-367676552F51}
		{9C3D9C2B-AAFA-4B89-A606-1C4FF6F703F2} = {16D7ECBD-8C87-40C2-9B83-9FC3F3822865}
	EndGlobalSection
	GlobalSection(ExtensibilityGlobals) = postSolution
		SolutionGuid = {48D4FA3E-1CF5-4900-83AB-42561317200C}
	EndGlobalSection
EndGlobal
