
Microsoft Visual Studio Solution File, Format Version 12.00
# Visual Studio Version 17
VisualStudioVersion = 17.1.32228.430
MinimumVisualStudioVersion = 10.0.40219.1
Project("{FAE04EC0-301F-11D3-BF4B-00C04F79EFBC}") = "lab1", "lab1\lab1.csproj", "{2AE9763A-0502-4340-A14C-5FA0CAF82CA9}"
EndProject
Global
	GlobalSection(SolutionConfigurationPlatforms) = preSolution
		Debug|Any CPU = Debug|Any CPU
		Release|Any CPU = Release|Any CPU
	EndGlobalSection
	GlobalSection(ProjectConfigurationPlatforms) = postSolution
		{2AE9763A-0502-4340-A14C-5FA0CAF82CA9}.Debug|Any CPU.ActiveCfg = Debug|Any CPU
		{2AE9763A-0502-4340-A14C-5FA0CAF82CA9}.Debug|Any CPU.Build.0 = Debug|Any CPU
		{2AE9763A-0502-4340-A14C-5FA0CAF82CA9}.Release|Any CPU.ActiveCfg = Release|Any CPU
		{2AE9763A-0502-4340-A14C-5FA0CAF82CA9}.Release|Any CPU.Build.0 = Release|Any CPU
	EndGlobalSection
	GlobalSection(SolutionProperties) = preSolution
		HideSolutionNode = FALSE
	EndGlobalSection
	GlobalSection(ExtensibilityGlobals) = postSolution
		SolutionGuid = {17B03753-1F89-40DD-B0F6-851386A42740}
	EndGlobalSection
EndGlobal
